{
  "name": "sharh-book",
  "version": "1.0.0",
  "lockfileVersion": 3,
  "requires": true,
  "packages": {
    "": {
      "name": "sharh-book",
      "version": "1.0.0",
      "dependencies": {
        "@fontsource/amiri": "^5.2.8",
        "@fontsource/cormorant-garamond": "^5.2.11",
        "@fontsource/eb-garamond": "^5.2.7",
        "@fontsource/scheherazade-new": "^5.2.9",
        "hyphen": "^1.10.6",
        "pdf-lib": "^1.17.1",
        "playwright-core": "^1.61.1"
      }
    },
    "node_modules/@fontsource/amiri": {
      "version": "5.3.0",
      "resolved": "https://registry.npmjs.org/@fontsource/amiri/-/amiri-5.3.0.tgz",
      "integrity": "sha512-i4SWJnVIphj8556EdVzNrEG/Qu82k6JXjXTtSUIohx3tHmo2GHw1Kv60TWo+xjk7Yf1Etb2Gskh0lUFclTKyUw==",
      "license": "OFL-1.1",
      "funding": {
        "url": "https://github.com/sponsors/ayuhito"
      }
    },
    "node_modules/@fontsource/cormorant-garamond": {
      "version": "5.3.0",
      "resolved": "https://registry.npmjs.org/@fontsource/cormorant-garamond/-/cormorant-garamond-5.3.0.tgz",
      "integrity": "sha512-weuGsCirGVWBWqpt6YUp0yLThTe4G8YO45noq8wxeJCRvEpq5lFrxNMFSTxcyOyV5k5otzJ8guDzYegdYlcLMQ==",
      "license": "OFL-1.1",
      "funding": {
        "url": "https://github.com/sponsors/ayuhito"
      }
    },
    "node_modules/@fontsource/eb-garamond": {
      "version": "5.3.0",
      "resolved": "https://registry.npmjs.org/@fontsource/eb-garamond/-/eb-garamond-5.3.0.tgz",
      "integrity": "sha512-VplwHpB8FLuzl+4G5LDci1b3Z4SghiuXH8XEgaxjnOb5aue5mEt1njmDKeO6iyLeGa73LffU7PC7hzncLRx0ZA==",
      "license": "OFL-1.1",
      "funding": {
        "url": "https://github.com/sponsors/ayuhito"
      }
    },
    "node_modules/@fontsource/scheherazade-new": {
      "version": "5.3.0",
      "resolved": "https://registry.npmjs.org/@fontsource/scheherazade-new/-/scheherazade-new-5.3.0.tgz",
      "integrity": "sha512-ITPWHoj0LLfikl6X4XS4nEQpP9p6iByRoUypqlAyO4NvgLbYpHTVdo7K199Alc+Uhm3xAnYtXvqRcuVAz2zBBw==",
      "license": "OFL-1.1",
      "funding": {
        "url": "https://github.com/sponsors/ayuhito"
      }
    },
    "node_modules/@pdf-lib/standard-fonts": {
      "version": "1.0.0",
      "resolved": "https://registry.npmjs.org/@pdf-lib/standard-fonts/-/standard-fonts-1.0.0.tgz",
      "integrity": "sha512-hU30BK9IUN/su0Mn9VdlVKsWBS6GyhVfqjwl1FjZN4TxP6cCw0jP2w7V3Hf5uX7M0AZJ16vey9yE0ny7Sa59ZA==",
      "license": "MIT",
      "dependencies": {
        "pako": "^1.0.6"
      }
    },
    "node_modules/@pdf-lib/upng": {
      "version": "1.0.1",
      "resolved": "https://registry.npmjs.org/@pdf-lib/upng/-/upng-1.0.1.tgz",
      "integrity": "sha512-dQK2FUMQtowVP00mtIksrlZhdFXQZPC+taih1q4CvPZ5vqdxR/LKBaFg0oAfzd1GlHZXXSPdQfzQnt+ViGvEIQ==",
      "license": "MIT",
      "dependencies": {
        "pako": "^1.0.10"
      }
    },
    "node_modules/hyphen": {
      "version": "1.14.1",
      "resolved": "https://registry.npmjs.org/hyphen/-/hyphen-1.14.1.tgz",
      "integrity": "sha512-kvL8xYl5QMTh+LwohVN72ciOxC0OEV79IPdJSTwEXok9y9QHebXGdFgrED4sWfiax/ODx++CAMk3hMy4XPJPOw==",
      "license": "ISC"
    },
    "node_modules/pako": {
      "version": "1.0.11",
      "resolved": "https://registry.npmjs.org/pako/-/pako-1.0.11.tgz",
      "integrity": "sha512-4hLB8Py4zZce5s4yd9XzopqwVv/yGNhV1Bl8NTmCq1763HeK2+EwVTv+leGeL13Dnh2wfbqowVPXCIO0z4taYw==",
      "license": "(MIT AND Zlib)"
    },
    "node_modules/pdf-lib": {
      "version": "1.17.1",
      "resolved": "https://registry.npmjs.org/pdf-lib/-/pdf-lib-1.17.1.tgz",
      "integrity": "sha512-V/mpyJAoTsN4cnP31vc0wfNA1+p20evqqnap0KLoRUN0Yk/p3wN52DOEsL4oBFcLdb76hlpKPtzJIgo67j/XLw==",
      "license": "MIT",
      "dependencies": {
        "@pdf-lib/standard-fonts": "^1.0.0",
        "@pdf-lib/upng": "^1.0.1",
        "pako": "^1.0.11",
        "tslib": "^1.11.1"
      }
    },
    "node_modules/playwright-core": {
      "version": "1.63.0",
      "resolved": "https://registry.npmjs.org/playwright-core/-/playwright-core-1.63.0.tgz",
      "integrity": "sha512-rYCsBF/M5HjUch52bbtVONEFjv6Xu8sm8h72dNlR5bzIE1fvC/bxgspzkjSfU+MweEMmPM8KJebG6nnyxo5mCg==",
      "license": "Apache-2.0",
      "bin": {
        "playwright-core": "cli.js"
      },
      "engines": {
        "node": ">=20"
      }
    },
    "node_modules/tslib": {
      "version": "1.14.1",
      "resolved": "https://registry.npmjs.org/tslib/-/tslib-1.14.1.tgz",
      "integrity": "sha512-Xni35NKzjgMrwevysHTCArtLDpPvye8zV/0E4EyYn43P7/7qvQwPh9BGkHewbMulVntbigmcT7rdX3BNo9wRJg==",
      "license": "0BSD"
    }
  }
}
